// !$*UTF8*$!
{
	archiveVersion = 1;
	classes = {
	};
	objectVersion = 46;
	objects = {

/* Begin PBXBuildFile section */
		0C57465D1BC02BA400C9313A /* TIMLinkedin.swift in Sources */ = {isa = PBXBuildFile; fileRef = 0C57465C1BC02BA400C9313A /* TIMLinkedin.swift */; settings = {ASSET_TAGS = (); }; };
		0C57465E1BC02BA400C9313A /* TIMLinkedin.swift in Sources */ = {isa = PBXBuildFile; fileRef = 0C57465C1BC02BA400C9313A /* TIMLinkedin.swift */; settings = {ASSET_TAGS = (); }; };
		0C57465F1BC02BA400C9313A /* TIMLinkedin.swift in Sources */ = {isa = PBXBuildFile; fileRef = 0C57465C1BC02BA400C9313A /* TIMLinkedin.swift */; settings = {ASSET_TAGS = (); }; };
		0C5746661BC02D7B00C9313A /* settings.plist in Resources */ = {isa = PBXBuildFile; fileRef = 0C5746651BC02D7B00C9313A /* settings.plist */; settings = {ASSET_TAGS = (); }; };
		0C5746671BC02D7B00C9313A /* settings.plist in Resources */ = {isa = PBXBuildFile; fileRef = 0C5746651BC02D7B00C9313A /* settings.plist */; settings = {ASSET_TAGS = (); }; };
		0C5746681BC02D7B00C9313A /* settings.plist in Resources */ = {isa = PBXBuildFile; fileRef = 0C5746651BC02D7B00C9313A /* settings.plist */; settings = {ASSET_TAGS = (); }; };
		0C57466A1BC0941F00C9313A /* FaceViewController.swift in Sources */ = {isa = PBXBuildFile; fileRef = 0C5746691BC0941F00C9313A /* FaceViewController.swift */; settings = {ASSET_TAGS = (); }; };
		0C57466C1BC0B7A000C9313A /* Person.swift in Sources */ = {isa = PBXBuildFile; fileRef = 0C57466B1BC0B7A000C9313A /* Person.swift */; settings = {ASSET_TAGS = (); }; };
		0CD172D51BC02486003F5297 /* AppDelegate.swift in Sources */ = {isa = PBXBuildFile; fileRef = 0CD172D41BC02486003F5297 /* AppDelegate.swift */; };
		0CD172D71BC02486003F5297 /* ViewController.swift in Sources */ = {isa = PBXBuildFile; fileRef = 0CD172D61BC02486003F5297 /* ViewController.swift */; };
		0CD172DA1BC02486003F5297 /* Main.storyboard in Resources */ = {isa = PBXBuildFile; fileRef = 0CD172D81BC02486003F5297 /* Main.storyboard */; };
		0CD172DD1BC02486003F5297 /* LinkedWhat.xcdatamodeld in Sources */ = {isa = PBXBuildFile; fileRef = 0CD172DB1BC02486003F5297 /* LinkedWhat.xcdatamodeld */; };
		0CD172DF1BC02486003F5297 /* Assets.xcassets in Resources */ = {isa = PBXBuildFile; fileRef = 0CD172DE1BC02486003F5297 /* Assets.xcassets */; };
		0CD172E21BC02486003F5297 /* LaunchScreen.storyboard in Resources */ = {isa = PBXBuildFile; fileRef = 0CD172E01BC02486003F5297 /* LaunchScreen.storyboard */; };
		0CD172ED1BC02486003F5297 /* LinkedWhatTests.swift in Sources */ = {isa = PBXBuildFile; fileRef = 0CD172EC1BC02486003F5297 /* LinkedWhatTests.swift */; };
		0CD172F81BC02486003F5297 /* LinkedWhatUITests.swift in Sources */ = {isa = PBXBuildFile; fileRef = 0CD172F71BC02486003F5297 /* LinkedWhatUITests.swift */; };
		0CFD55481BC029B100B2C766 /* LoginViewController.swift in Sources */ = {isa = PBXBuildFile; fileRef = 0CFD55471BC029B100B2C766 /* LoginViewController.swift */; settings = {ASSET_TAGS = (); }; };
		0CFD55491BC029B100B2C766 /* LoginViewController.swift in Sources */ = {isa = PBXBuildFile; fileRef = 0CFD55471BC029B100B2C766 /* LoginViewController.swift */; settings = {ASSET_TAGS = (); }; };
		0CFD554A1BC029B100B2C766 /* LoginViewController.swift in Sources */ = {isa = PBXBuildFile; fileRef = 0CFD55471BC029B100B2C766 /* LoginViewController.swift */; settings = {ASSET_TAGS = (); }; };
		AA8FFF9564C90096E2D63A9F /* Pods.framework in Frameworks */ = {isa = PBXBuildFile; fileRef = 1D01B3431051821B8A6E3116 /* Pods.framework */; settings = {ATTRIBUTES = (Weak, ); }; };
/* End PBXBuildFile section */

/* Begin PBXContainerItemProxy section */
		0CD172E91BC02486003F5297 /* PBXContainerItemProxy */ = {
			isa = PBXContainerItemProxy;
			containerPortal = 0CD172C91BC02486003F5297 /* Project object */;
			proxyType = 1;
			remoteGlobalIDString = 0CD172D01BC02486003F5297;
			remoteInfo = LinkedWhat;
		};
		0CD172F41BC02486003F5297 /* PBXContainerItemProxy */ = {
			isa = PBXContainerItemProxy;
			containerPortal = 0CD172C91BC02486003F5297 /* Project object */;
			proxyType = 1;
			remoteGlobalIDString = 0CD172D01BC02486003F5297;
			remoteInfo = LinkedWhat;
		};
/* End PBXContainerItemProxy section */

/* Begin PBXFileReference section */
		0C57465C1BC02BA400C9313A /* TIMLinkedin.swift */ = {isa = PBXFileReference; fileEncoding = 4; lastKnownFileType = sourcecode.swift; path = TIMLinkedin.swift; sourceTree = "<group>"; };
		0C5746651BC02D7B00C9313A /* settings.plist */ = {isa = PBXFileReference; fileEncoding = 4; lastKnownFileType = text.plist.xml; path = settings.plist; sourceTree = "<group>"; };
		0C5746691BC0941F00C9313A /* FaceViewController.swift */ = {isa = PBXFileReference; fileEncoding = 4; lastKnownFileType = sourcecode.swift; path = FaceViewController.swift; sourceTree = "<group>"; };
		0C57466B1BC0B7A000C9313A /* Person.swift */ = {isa = PBXFileReference; fileEncoding = 4; lastKnownFileType = sourcecode.swift; path = Person.swift; sourceTree = "<group>"; };
		0CD172D11BC02486003F5297 /* LinkedWhat.app */ = {isa = PBXFileReference; explicitFileType = wrapper.application; includeInIndex = 0; path = LinkedWhat.app; sourceTree = BUILT_PRODUCTS_DIR; };
		0CD172D41BC02486003F5297 /* AppDelegate.swift */ = {isa = PBXFileReference; lastKnownFileType = sourcecode.swift; path = AppDelegate.swift; sourceTree = "<group>"; };
		0CD172D61BC02486003F5297 /* ViewController.swift */ = {isa = PBXFileReference; lastKnownFileType = sourcecode.swift; path = ViewController.swift; sourceTree = "<group>"; };
		0CD172D91BC02486003F5297 /* Base */ = {isa = PBXFileReference; lastKnownFileType = file.storyboard; name = Base; path = Base.lproj/Main.storyboard; sourceTree = "<group>"; };
		0CD172DC1BC02486003F5297 /* LinkedWhat.xcdatamodel */ = {isa = PBXFileReference; lastKnownFileType = wrapper.xcdatamodel; path = LinkedWhat.xcdatamodel; sourceTree = "<group>"; };
		0CD172DE1BC02486003F5297 /* Assets.xcassets */ = {isa = PBXFileReference; lastKnownFileType = folder.assetcatalog; path = Assets.xcassets; sourceTree = "<group>"; };
		0CD172E11BC02486003F5297 /* Base */ = {isa = PBXFileReference; lastKnownFileType = file.storyboard; name = Base; path = Base.lproj/LaunchScreen.storyboard; sourceTree = "<group>"; };
		0CD172E31BC02486003F5297 /* Info.plist */ = {isa = PBXFileReference; lastKnownFileType = text.plist.xml; path = Info.plist; sourceTree = "<group>"; };
		0CD172E81BC02486003F5297 /* LinkedWhatTests.xctest */ = {isa = PBXFileReference; explicitFileType = wrapper.cfbundle; includeInIndex = 0; path = LinkedWhatTests.xctest; sourceTree = BUILT_PRODUCTS_DIR; };
		0CD172EC1BC02486003F5297 /* LinkedWhatTests.swift */ = {isa = PBXFileReference; lastKnownFileType = sourcecode.swift; path = LinkedWhatTests.swift; sourceTree = "<group>"; };
		0CD172EE1BC02486003F5297 /* Info.plist */ = {isa = PBXFileReference; lastKnownFileType = text.plist.xml; path = Info.plist; sourceTree = "<group>"; };
		0CD172F31BC02486003F5297 /* LinkedWhatUITests.xctest */ = {isa = PBXFileReference; explicitFileType = wrapper.cfbundle; includeInIndex = 0; path = LinkedWhatUITests.xctest; sourceTree = BUILT_PRODUCTS_DIR; };
		0CD172F71BC02486003F5297 /* LinkedWhatUITests.swift */ = {isa = PBXFileReference; lastKnownFileType = sourcecode.swift; path = LinkedWhatUITests.swift; sourceTree = "<group>"; };
		0CD172F91BC02486003F5297 /* Info.plist */ = {isa = PBXFileReference; lastKnownFileType = text.plist.xml; path = Info.plist; sourceTree = "<group>"; };
		0CFD55471BC029B100B2C766 /* LoginViewController.swift */ = {isa = PBXFileReference; fileEncoding = 4; lastKnownFileType = sourcecode.swift; path = LoginViewController.swift; sourceTree = "<group>"; };
		1D01B3431051821B8A6E3116 /* Pods.framework */ = {isa = PBXFileReference; explicitFileType = wrapper.framework; includeInIndex = 0; path = Pods.framework; sourceTree = BUILT_PRODUCTS_DIR; };
		90F0F9A3233359E6F6D0DA7B /* Pods.debug.xcconfig */ = {isa = PBXFileReference; includeInIndex = 1; lastKnownFileType = text.xcconfig; name = Pods.debug.xcconfig; path = "Pods/Target Support Files/Pods/Pods.debug.xcconfig"; sourceTree = "<group>"; };
		AE27B5E79058C69A9AD10762 /* Pods.release.xcconfig */ = {isa = PBXFileReference; includeInIndex = 1; lastKnownFileType = text.xcconfig; name = Pods.release.xcconfig; path = "Pods/Target Support Files/Pods/Pods.release.xcconfig"; sourceTree = "<group>"; };
/* End PBXFileReference section */

/* Begin PBXFrameworksBuildPhase section */
		0CD172CE1BC02486003F5297 /* Frameworks */ = {
			isa = PBXFrameworksBuildPhase;
			buildActionMask = 2147483647;
			files = (
				AA8FFF9564C90096E2D63A9F /* Pods.framework in Frameworks */,
			);
			runOnlyForDeploymentPostprocessing = 0;
		};
		0CD172E51BC02486003F5297 /* Frameworks */ = {
			isa = PBXFrameworksBuildPhase;
			buildActionMask = 2147483647;
			files = (
			);
			runOnlyForDeploymentPostprocessing = 0;
		};
		0CD172F01BC02486003F5297 /* Frameworks */ = {
			isa = PBXFrameworksBuildPhase;
			buildActionMask = 2147483647;
			files = (
			);
			runOnlyForDeploymentPostprocessing = 0;
		};
/* End PBXFrameworksBuildPhase section */

/* Begin PBXGroup section */
		0C57465B1BC02B8D00C9313A /* Models */ = {
			isa = PBXGroup;
			children = (
				0C57465C1BC02BA400C9313A /* TIMLinkedin.swift */,
				0C57466B1BC0B7A000C9313A /* Person.swift */,
			);
			name = Models;
			sourceTree = "<group>";
		};
		0CD172C81BC02486003F5297 = {
			isa = PBXGroup;
			children = (
				0CD172D31BC02486003F5297 /* LinkedWhat */,
				0CD172EB1BC02486003F5297 /* LinkedWhatTests */,
				0CD172F61BC02486003F5297 /* LinkedWhatUITests */,
				0CD172D21BC02486003F5297 /* Products */,
				FEDA6CBD797F0AEF72EE9A13 /* Pods */,
				DE8878E8BB9CFDCCE574AB9B /* Frameworks */,
			);
			sourceTree = "<group>";
		};
		0CD172D21BC02486003F5297 /* Products */ = {
			isa = PBXGroup;
			children = (
				0CD172D11BC02486003F5297 /* LinkedWhat.app */,
				0CD172E81BC02486003F5297 /* LinkedWhatTests.xctest */,
				0CD172F31BC02486003F5297 /* LinkedWhatUITests.xctest */,
			);
			name = Products;
			sourceTree = "<group>";
		};
		0CD172D31BC02486003F5297 /* LinkedWhat */ = {
			isa = PBXGroup;
			children = (
				0C57465B1BC02B8D00C9313A /* Models */,
				0CFD55461BC0299600B2C766 /* Views */,
				0CD172D41BC02486003F5297 /* AppDelegate.swift */,
				0CD172D61BC02486003F5297 /* ViewController.swift */,
				0CD172D81BC02486003F5297 /* Main.storyboard */,
				0CD172DE1BC02486003F5297 /* Assets.xcassets */,
				0CD172E01BC02486003F5297 /* LaunchScreen.storyboard */,
				0CD172E31BC02486003F5297 /* Info.plist */,
				0CD172DB1BC02486003F5297 /* LinkedWhat.xcdatamodeld */,
				0C5746651BC02D7B00C9313A /* settings.plist */,
			);
			path = LinkedWhat;
			sourceTree = "<group>";
		};
		0CD172EB1BC02486003F5297 /* LinkedWhatTests */ = {
			isa = PBXGroup;
			children = (
				0CD172EC1BC02486003F5297 /* LinkedWhatTests.swift */,
				0CD172EE1BC02486003F5297 /* Info.plist */,
			);
			path = LinkedWhatTests;
			sourceTree = "<group>";
		};
		0CD172F61BC02486003F5297 /* LinkedWhatUITests */ = {
			isa = PBXGroup;
			children = (
				0CD172F71BC02486003F5297 /* LinkedWhatUITests.swift */,
				0CD172F91BC02486003F5297 /* Info.plist */,
			);
			path = LinkedWhatUITests;
			sourceTree = "<group>";
		};
		0CFD55461BC0299600B2C766 /* Views */ = {
			isa = PBXGroup;
			children = (
				0CFD55471BC029B100B2C766 /* LoginViewController.swift */,
				0C5746691BC0941F00C9313A /* FaceViewController.swift */,
			);
			name = Views;
			sourceTree = "<group>";
		};
		DE8878E8BB9CFDCCE574AB9B /* Frameworks */ = {
			isa = PBXGroup;
			children = (
				1D01B3431051821B8A6E3116 /* Pods.framework */,
			);
			name = Frameworks;
			sourceTree = "<group>";
		};
		FEDA6CBD797F0AEF72EE9A13 /* Pods */ = {
			isa = PBXGroup;
			children = (
				90F0F9A3233359E6F6D0DA7B /* Pods.debug.xcconfig */,
				AE27B5E79058C69A9AD10762 /* Pods.release.xcconfig */,
			);
			name = Pods;
			sourceTree = "<group>";
		};
/* End PBXGroup section */

/* Begin PBXNativeTarget section */
		0CD172D01BC02486003F5297 /* LinkedWhat */ = {
			isa = PBXNativeTarget;
			buildConfigurationList = 0CD172FC1BC02486003F5297 /* Build configuration list for PBXNativeTarget "LinkedWhat" */;
			buildPhases = (
				7D34B98951E9A91E58E3AD21 /* Check Pods Manifest.lock */,
				0CD172CD1BC02486003F5297 /* Sources */,
				0CD172CE1BC02486003F5297 /* Frameworks */,
				0CD172CF1BC02486003F5297 /* Resources */,
				51DEA714CDCAB12BCA722F20 /* Embed Pods Frameworks */,
				9D2F6E0AAC30B8DCDE7780A7 /* Copy Pods Resources */,
			);
			buildRules = (
			);
			dependencies = (
			);
			name = LinkedWhat;
			productName = LinkedWhat;
			productReference = 0CD172D11BC02486003F5297 /* LinkedWhat.app */;
			productType = "com.apple.product-type.application";
		};
		0CD172E71BC02486003F5297 /* LinkedWhatTests */ = {
			isa = PBXNativeTarget;
			buildConfigurationList = 0CD172FF1BC02486003F5297 /* Build configuration list for PBXNativeTarget "LinkedWhatTests" */;
			buildPhases = (
				0CD172E41BC02486003F5297 /* Sources */,
				0CD172E51BC02486003F5297 /* Frameworks */,
				0CD172E61BC02486003F5297 /* Resources */,
			);
			buildRules = (
			);
			dependencies = (
				0CD172EA1BC02486003F5297 /* PBXTargetDependency */,
			);
			name = LinkedWhatTests;
			productName = LinkedWhatTests;
			productReference = 0CD172E81BC02486003F5297 /* LinkedWhatTests.xctest */;
			productType = "com.apple.product-type.bundle.unit-test";
		};
		0CD172F21BC02486003F5297 /* LinkedWhatUITests */ = {
			isa = PBXNativeTarget;
			buildConfigurationList = 0CD173021BC02486003F5297 /* Build configuration list for PBXNativeTarget "LinkedWhatUITests" */;
			buildPhases = (
				0CD172EF1BC02486003F5297 /* Sources */,
				0CD172F01BC02486003F5297 /* Frameworks */,
				0CD172F11BC02486003F5297 /* Resources */,
			);
			buildRules = (
			);
			dependencies = (
				0CD172F51BC02486003F5297 /* PBXTargetDependency */,
			);
			name = LinkedWhatUITests;
			productName = LinkedWhatUITests;
			productReference = 0CD172F31BC02486003F5297 /* LinkedWhatUITests.xctest */;
			productType = "com.apple.product-type.bundle.ui-testing";
		};
/* End PBXNativeTarget section */

/* Begin PBXProject section */
		0CD172C91BC02486003F5297 /* Project object */ = {
			isa = PBXProject;
			attributes = {
				LastUpgradeCheck = 0700;
				ORGANIZATIONNAME = "Tim Broder";
				TargetAttributes = {
					0CD172D01BC02486003F5297 = {
						CreatedOnToolsVersion = 7.0;
					};
					0CD172E71BC02486003F5297 = {
						CreatedOnToolsVersion = 7.0;
						TestTargetID = 0CD172D01BC02486003F5297;
					};
					0CD172F21BC02486003F5297 = {
						CreatedOnToolsVersion = 7.0;
						TestTargetID = 0CD172D01BC02486003F5297;
					};
				};
			};
			buildConfigurationList = 0CD172CC1BC02486003F5297 /* Build configuration list for PBXProject "LinkedWhat" */;
			compatibilityVersion = "Xcode 3.2";
			developmentRegion = English;
			hasScannedForEncodings = 0;
			knownRegions = (
				en,
				Base,
			);
			mainGroup = 0CD172C81BC02486003F5297;
			productRefGroup = 0CD172D21BC02486003F5297 /* Products */;
			projectDirPath = "";
			projectRoot = "";
			targets = (
				0CD172D01BC02486003F5297 /* LinkedWhat */,
				0CD172E71BC02486003F5297 /* LinkedWhatTests */,
				0CD172F21BC02486003F5297 /* LinkedWhatUITests */,
			);
		};
/* End PBXProject section */

/* Begin PBXResourcesBuildPhase section */
		0CD172CF1BC02486003F5297 /* Resources */ = {
			isa = PBXResourcesBuildPhase;
			buildActionMask = 2147483647;
			files = (
				0CD172E21BC02486003F5297 /* LaunchScreen.storyboard in Resources */,
				0C5746661BC02D7B00C9313A /* settings.plist in Resources */,
				0CD172DF1BC02486003F5297 /* Assets.xcassets in Resources */,
				0CD172DA1BC02486003F5297 /* Main.storyboard in Resources */,
			);
			runOnlyForDeploymentPostprocessing = 0;
		};
		0CD172E61BC02486003F5297 /* Resources */ = {
			isa = PBXResourcesBuildPhase;
			buildActionMask = 2147483647;
			files = (
				0C5746671BC02D7B00C9313A /* settings.plist in Resources */,
			);
			runOnlyForDeploymentPostprocessing = 0;
		};
		0CD172F11BC02486003F5297 /* Resources */ = {
			isa = PBXResourcesBuildPhase;
			buildActionMask = 2147483647;
			files = (
				0C5746681BC02D7B00C9313A /* settings.plist in Resources */,
			);
			runOnlyForDeploymentPostprocessing = 0;
		};
/* End PBXResourcesBuildPhase section */

/* Begin PBXShellScriptBuildPhase section */
		51DEA714CDCAB12BCA722F20 /* Embed Pods Frameworks */ = {
			isa = PBXShellScriptBuildPhase;
			buildActionMask = 2147483647;
			files = (
			);
			inputPaths = (
			);
			name = "Embed Pods Frameworks";
			outputPaths = (
			);
			runOnlyForDeploymentPostprocessing = 0;
			shellPath = /bin/sh;
			shellScript = "\"${SRCROOT}/Pods/Target Support Files/Pods/Pods-frameworks.sh\"\n";
			showEnvVarsInLog = 0;
		};
		7D34B98951E9A91E58E3AD21 /* Check Pods Manifest.lock */ = {
			isa = PBXShellScriptBuildPhase;
			buildActionMask = 2147483647;
			files = (
			);
			inputPaths = (
			);
			name = "Check Pods Manifest.lock";
			outputPaths = (
			);
			runOnlyForDeploymentPostprocessing = 0;
			shellPath = /bin/sh;
			shellScript = "diff \"${PODS_ROOT}/../Podfile.lock\" \"${PODS_ROOT}/Manifest.lock\" > /dev/null\nif [[ $? != 0 ]] ; then\n    cat << EOM\nerror: The sandbox is not in sync with the Podfile.lock. Run 'pod install' or update your CocoaPods installation.\nEOM\n    exit 1\nfi\n";
			showEnvVarsInLog = 0;
		};
		9D2F6E0AAC30B8DCDE7780A7 /* Copy Pods Resources */ = {
			isa = PBXShellScriptBuildPhase;
			buildActionMask = 2147483647;
			files = (
			);
			inputPaths = (
			);
			name = "Copy Pods Resources";
			outputPaths = (
			);
			runOnlyForDeploymentPostprocessing = 0;
			shellPath = /bin/sh;
			shellScript = "\"${SRCROOT}/Pods/Target Support Files/Pods/Pods-resources.sh\"\n";
			showEnvVarsInLog = 0;
		};
/* End PBXShellScriptBuildPhase section */

/* Begin PBXSourcesBuildPhase section */
		0CD172CD1BC02486003F5297 /* Sources */ = {
			isa = PBXSourcesBuildPhase;
			buildActionMask = 2147483647;
			files = (
				0CFD55481BC029B100B2C766 /* LoginViewController.swift in Sources */,
				0CD172DD1BC02486003F5297 /* LinkedWhat.xcdatamodeld in Sources */,
				0CD172D71BC02486003F5297 /* ViewController.swift in Sources */,
				0C57466A1BC0941F00C9313A /* FaceViewController.swift in Sources */,
				0C57466C1BC0B7A000C9313A /* Person.swift in Sources */,
				0CD172D51BC02486003F5297 /* AppDelegate.swift in Sources */,
				0C57465D1BC02BA400C9313A /* TIMLinkedin.swift in Sources */,
			);
			runOnlyForDeploymentPostprocessing = 0;
		};
		0CD172E41BC02486003F5297 /* Sources */ = {
			isa = PBXSourcesBuildPhase;
			buildActionMask = 2147483647;
			files = (
				0C57465E1BC02BA400C9313A /* TIMLinkedin.swift in Sources */,
				0CFD55491BC029B100B2C766 /* LoginViewController.swift in Sources */,
				0CD172ED1BC02486003F5297 /* LinkedWhatTests.swift in Sources */,
			);
			runOnlyForDeploymentPostprocessing = 0;
		};
		0CD172EF1BC02486003F5297 /* Sources */ = {
			isa = PBXSourcesBuildPhase;
			buildActionMask = 2147483647;
			files = (
				0C57465F1BC02BA400C9313A /* TIMLinkedin.swift in Sources */,
				0CFD554A1BC029B100B2C766 /* LoginViewController.swift in Sources */,
				0CD172F81BC02486003F5297 /* LinkedWhatUITests.swift in Sources */,
			);
			runOnlyForDeploymentPostprocessing = 0;
		};
/* End PBXSourcesBuildPhase section */

/* Begin PBXTargetDependency section */
		0CD172EA1BC02486003F5297 /* PBXTargetDependency */ = {
			isa = PBXTargetDependency;
			target = 0CD172D01BC02486003F5297 /* LinkedWhat */;
			targetProxy = 0CD172E91BC02486003F5297 /* PBXContainerItemProxy */;
		};
		0CD172F51BC02486003F5297 /* PBXTargetDependency */ = {
			isa = PBXTargetDependency;
			target = 0CD172D01BC02486003F5297 /* LinkedWhat */;
			targetProxy = 0CD172F41BC02486003F5297 /* PBXContainerItemProxy */;
		};
/* End PBXTargetDependency section */

/* Begin PBXVariantGroup section */
		0CD172D81BC02486003F5297 /* Main.storyboard */ = {
			isa = PBXVariantGroup;
			children = (
				0CD172D91BC02486003F5297 /* Base */,
			);
			name = Main.storyboard;
			sourceTree = "<group>";
		};
		0CD172E01BC02486003F5297 /* LaunchScreen.storyboard */ = {
			isa = PBXVariantGroup;
			children = (
				0CD172E11BC02486003F5297 /* Base */,
			);
			name = LaunchScreen.storyboard;
			sourceTree = "<group>";
		};
/* End PBXVariantGroup section */

/* Begin XCBuildConfiguration section */
		0CD172FA1BC02486003F5297 /* Debug */ = {
			isa = XCBuildConfiguration;
			buildSettings = {
				ALWAYS_SEARCH_USER_PATHS = NO;
				CLANG_CXX_LANGUAGE_STANDARD = "gnu++0x";
				CLANG_CXX_LIBRARY = "libc++";
				CLANG_ENABLE_MODULES = YES;
				CLANG_ENABLE_OBJC_ARC = YES;
				CLANG_WARN_BOOL_CONVERSION = YES;
				CLANG_WARN_CONSTANT_CONVERSION = YES;
				CLANG_WARN_DIRECT_OBJC_ISA_USAGE = YES_ERROR;
				CLANG_WARN_EMPTY_BODY = YES;
				CLANG_WARN_ENUM_CONVERSION = YES;
				CLANG_WARN_INT_CONVERSION = YES;
				CLANG_WARN_OBJC_ROOT_CLASS = YES_ERROR;
				CLANG_WARN_UNREACHABLE_CODE = YES;
				CLANG_WARN__DUPLICATE_METHOD_MATCH = YES;
				"CODE_SIGN_IDENTITY[sdk=iphoneos*]" = "iPhone Developer";
				COPY_PHASE_STRIP = NO;
				DEBUG_INFORMATION_FORMAT = dwarf;
				ENABLE_STRICT_OBJC_MSGSEND = YES;
				ENABLE_TESTABILITY = YES;
				GCC_C_LANGUAGE_STANDARD = gnu99;
				GCC_DYNAMIC_NO_PIC = NO;
				GCC_NO_COMMON_BLOCKS = YES;
				GCC_OPTIMIZATION_LEVEL = 0;
				GCC_PREPROCESSOR_DEFINITIONS = (
					"DEBUG=1",
					"$(inherited)",
				);
				GCC_WARN_64_TO_32_BIT_CONVERSION = YES;
				GCC_WARN_ABOUT_RETURN_TYPE = YES_ERROR;
				GCC_WARN_UNDECLARED_SELECTOR = YES;
				GCC_WARN_UNINITIALIZED_AUTOS = YES_AGGRESSIVE;
				GCC_WARN_UNUSED_FUNCTION = YES;
				GCC_WARN_UNUSED_VARIABLE = YES;
				IPHONEOS_DEPLOYMENT_TARGET = 9.0;
				MTL_ENABLE_DEBUG_INFO = YES;
				ONLY_ACTIVE_ARCH = YES;
				SDKROOT = iphoneos;
				SWIFT_OPTIMIZATION_LEVEL = "-Onone";
				TARGETED_DEVICE_FAMILY = "1,2";
			};
			name = Debug;
		};
		0CD172FB1BC02486003F5297 /* Release */ = {
			isa = XCBuildConfiguration;
			buildSettings = {
				ALWAYS_SEARCH_USER_PATHS = NO;
				CLANG_CXX_LANGUAGE_STANDARD = "gnu++0x";
				CLANG_CXX_LIBRARY = "libc++";
				CLANG_ENABLE_MODULES = YES;
				CLANG_ENABLE_OBJC_ARC = YES;
				CLANG_WARN_BOOL_CONVERSION = YES;
				CLANG_WARN_CONSTANT_CONVERSION = YES;
				CLANG_WARN_DIRECT_OBJC_ISA_USAGE = YES_ERROR;
				CLANG_WARN_EMPTY_BODY = YES;
				CLANG_WARN_ENUM_CONVERSION = YES;
				CLANG_WARN_INT_CONVERSION = YES;
				CLANG_WARN_OBJC_ROOT_CLASS = YES_ERROR;
				CLANG_WARN_UNREACHABLE_CODE = YES;
				CLANG_WARN__DUPLICATE_METHOD_MATCH = YES;
				"CODE_SIGN_IDENTITY[sdk=iphoneos*]" = "iPhone Developer";
				COPY_PHASE_STRIP = NO;
				DEBUG_INFORMATION_FORMAT = "dwarf-with-dsym";
				ENABLE_NS_ASSERTIONS = NO;
				ENABLE_STRICT_OBJC_MSGSEND = YES;
				GCC_C_LANGUAGE_STANDARD = gnu99;
				GCC_NO_COMMON_BLOCKS = YES;
				GCC_WARN_64_TO_32_BIT_CONVERSION = YES;
				GCC_WARN_ABOUT_RETURN_TYPE = YES_ERROR;
				GCC_WARN_UNDECLARED_SELECTOR = YES;
				GCC_WARN_UNINITIALIZED_AUTOS = YES_AGGRESSIVE;
				GCC_WARN_UNUSED_FUNCTION = YES;
				GCC_WARN_UNUSED_VARIABLE = YES;
				IPHONEOS_DEPLOYMENT_TARGET = 9.0;
				MTL_ENABLE_DEBUG_INFO = NO;
				SDKROOT = iphoneos;
				TARGETED_DEVICE_FAMILY = "1,2";
				VALIDATE_PRODUCT = YES;
			};
			name = Release;
		};
		0CD172FD1BC02486003F5297 /* Debug */ = {
			isa = XCBuildConfiguration;
			baseConfigurationReference = 90F0F9A3233359E6F6D0DA7B /* Pods.debug.xcconfig */;
			buildSettings = {
				ASSETCATALOG_COMPILER_APPICON_NAME = AppIcon;
				INFOPLIST_FILE = LinkedWhat/Info.plist;
				LD_RUNPATH_SEARCH_PATHS = "$(inherited) @executable_path/Frameworks";
				PRODUCT_BUNDLE_IDENTIFIER = com.alexanderinteractive.LinkedWhat;
				PRODUCT_NAME = "$(TARGET_NAME)";
			};
			name = Debug;
		};
		0CD172FE1BC02486003F5297 /* Release */ = {
			isa = XCBuildConfiguration;
			baseConfigurationReference = AE27B5E79058C69A9AD10762 /* Pods.release.xcconfig */;
			buildSettings = {
				ASSETCATALOG_COMPILER_APPICON_NAME = AppIcon;
				INFOPLIST_FILE = LinkedWhat/Info.plist;
				LD_RUNPATH_SEARCH_PATHS = "$(inherited) @executable_path/Frameworks";
				PRODUCT_BUNDLE_IDENTIFIER = com.alexanderinteractive.LinkedWhat;
				PRODUCT_NAME = "$(TARGET_NAME)";
			};
			name = Release;
		};
		0CD173001BC02486003F5297 /* Debug */ = {
			isa = XCBuildConfiguration;
			buildSettings = {
				BUNDLE_LOADER = "$(TEST_HOST)";
				INFOPLIST_FILE = LinkedWhatTests/Info.plist;
				LD_RUNPATH_SEARCH_PATHS = "$(inherited) @executable_path/Frameworks @loader_path/Frameworks";
				PRODUCT_BUNDLE_IDENTIFIER = com.alexanderinteractive.LinkedWhatTests;
				PRODUCT_NAME = "$(TARGET_NAME)";
				TEST_HOST = "$(BUILT_PRODUCTS_DIR)/LinkedWhat.app/LinkedWhat";
			};
			name = Debug;
		};
		0CD173011BC02486003F5297 /* Release */ = {
			isa = XCBuildConfiguration;
			buildSettings = {
				BUNDLE_LOADER = "$(TEST_HOST)";
				INFOPLIST_FILE = LinkedWhatTests/Info.plist;
				LD_RUNPATH_SEARCH_PATHS = "$(inherited) @executable_path/Frameworks @loader_path/Frameworks";
				PRODUCT_BUNDLE_IDENTIFIER = com.alexanderinteractive.LinkedWhatTests;
				PRODUCT_NAME = "$(TARGET_NAME)";
				TEST_HOST = "$(BUILT_PRODUCTS_DIR)/LinkedWhat.app/LinkedWhat";
			};
			name = Release;
		};
		0CD173031BC02486003F5297 /* Debug */ = {
			isa = XCBuildConfiguration;
			buildSettings = {
				INFOPLIST_FILE = LinkedWhatUITests/Info.plist;
				LD_RUNPATH_SEARCH_PATHS = "$(inherited) @executable_path/Frameworks @loader_path/Frameworks";
				PRODUCT_BUNDLE_IDENTIFIER = com.alexanderinteractive.LinkedWhatUITests;
				PRODUCT_NAME = "$(TARGET_NAME)";
				TEST_TARGET_NAME = LinkedWhat;
				USES_XCTRUNNER = YES;
			};
			name = Debug;
		};
		0CD173041BC02486003F5297 /* Release */ = {
			isa = XCBuildConfiguration;
			buildSettings = {
				INFOPLIST_FILE = LinkedWhatUITests/Info.plist;
				LD_RUNPATH_SEARCH_PATHS = "$(inherited) @executable_path/Frameworks @loader_path/Frameworks";
				PRODUCT_BUNDLE_IDENTIFIER = com.alexanderinteractive.LinkedWhatUITests;
				PRODUCT_NAME = "$(TARGET_NAME)";
				TEST_TARGET_NAME = LinkedWhat;
				USES_XCTRUNNER = YES;
			};
			name = Release;
		};
/* End XCBuildConfiguration section */

/* Begin XCConfigurationList section */
		0CD172CC1BC02486003F5297 /* Build configuration list for PBXProject "LinkedWhat" */ = {
			isa = XCConfigurationList;
			buildConfigurations = (
				0CD172FA1BC02486003F5297 /* Debug */,
				0CD172FB1BC02486003F5297 /* Release */,
			);
			defaultConfigurationIsVisible = 0;
			defaultConfigurationName = Release;
		};
		0CD172FC1BC02486003F5297 /* Build configuration list for PBXNativeTarget "LinkedWhat" */ = {
			isa = XCConfigurationList;
			buildConfigurations = (
				0CD172FD1BC02486003F5297 /* Debug */,
				0CD172FE1BC02486003F5297 /* Release */,
			);
			defaultConfigurationIsVisible = 0;
			defaultConfigurationName = Release;
		};
		0CD172FF1BC02486003F5297 /* Build configuration list for PBXNativeTarget "LinkedWhatTests" */ = {
			isa = XCConfigurationList;
			buildConfigurations = (
				0CD173001BC02486003F5297 /* Debug */,
				0CD173011BC02486003F5297 /* Release */,
			);
			defaultConfigurationIsVisible = 0;
			defaultConfigurationName = Release;
		};
		0CD173021BC02486003F5297 /* Build configuration list for PBXNativeTarget "LinkedWhatUITests" */ = {
			isa = XCConfigurationList;
			buildConfigurations = (
				0CD173031BC02486003F5297 /* Debug */,
				0CD173041BC02486003F5297 /* Release */,
			);
			defaultConfigurationIsVisible = 0;
			defaultConfigurationName = Release;
		};
/* End XCConfigurationList section */

/* Begin XCVersionGroup section */
		0CD172DB1BC02486003F5297 /* LinkedWhat.xcdatamodeld */ = {
			isa = XCVersionGroup;
			children = (
				0CD172DC1BC02486003F5297 /* LinkedWhat.xcdatamodel */,
			);
			currentVersion = 0CD172DC1BC02486003F5297 /* LinkedWhat.xcdatamodel */;
			path = LinkedWhat.xcdatamodeld;
			sourceTree = "<group>";
			versionGroupType = wrapper.xcdatamodel;
		};
/* End XCVersionGroup section */
	};
	rootObject = 0CD172C91BC02486003F5297 /* Project object */;
}
